
Microsoft Visual Studio Solution File, Format Version 12.00
# Visual Studio Version 16
VisualStudioVersion = 16.0.29411.108
MinimumVisualStudioVersion = 10.0.40219.1
Project("{FAE04EC0-301F-11D3-BF4B-00C04F79EFBC}") = "BluetoothBatteryTest", "BluetoothBatteryTest\BluetoothBatteryTest.csproj", "{BF8B6A16-331E-4380-9652-118D570825B2}"
EndProject
Global
	GlobalSection(SolutionConfigurationPlatforms) = preSolution
		Debug|Any CPU = Debug|Any CPU
		Release|Any CPU = Release|Any CPU
	EndGlobalSection
	GlobalSection(ProjectConfigurationPlatforms) = postSolution
		{BF8B6A16-331E-4380-9652-118D570825B2}.Debug|Any CPU.ActiveCfg = Debug|Any CPU
		{BF8B6A16-331E-4380-9652-118D570825B2}.Debug|Any CPU.Build.0 = Debug|Any CPU
		{BF8B6A16-331E-4380-9652-118D570825B2}.Release|Any CPU.ActiveCfg = Release|Any CPU
		{BF8B6A16-331E-4380-9652-118D570825B2}.Release|Any CPU.Build.0 = Release|Any CPU
	EndGlobalSection
	GlobalSection(SolutionProperties) = preSolution
		HideSolutionNode = FALSE
	EndGlobalSection
	GlobalSection(ExtensibilityGlobals) = postSolution
		SolutionGuid = {16FEF69C-CAE1-4430-92AD-99CAF8E875DE}
	EndGlobalSection
EndGlobal
